<?xml version="1.0" encoding="UTF-8"?>
<Scheme
   LastUpgradeVersion = "0730"
   version = "1.3">
   <BuildAction
      parallelizeBuildables = "YES"
      buildImplicitDependencies = "YES">
      <BuildActionEntries>
         <BuildActionEntry
            buildForTesting = "YES"
            buildForRunning = "YES"
            buildForProfiling = "YES"
            buildForArchiving = "YES"
            buildForAnalyzing = "YES">
            <BuildableReference
               BuildableIdentifier = "primary"
               BlueprintIdentifier = "2B98D89F1D240CAA00905AE2"
               BuildableName = "github-repo-starring-swift.app"
               BlueprintName = "github-repo-starring-swift"
               ReferencedContainer = "container:github-repo-starring-swift.xcodeproj">
            </BuildableReference>
         </BuildActionEntry>
      </BuildActionEntries>
   </BuildAction>
   <TestAction
      buildConfiguration = "Debug"
      selectedDebuggerIdentifier = "Xcode.DebuggerFoundation.Debugger.LLDB"
      selectedLauncherIdentifier = "Xcode.DebuggerFoundation.Launcher.LLDB"
      shouldUseLaunchSchemeArgsEnv = "YES">
      <PostActions>
         <ExecutionAction
            ActionType = "Xcode.IDEStandardExecutionActionsCore.ExecutionActionType.ShellScriptAction">
            <ActionContent
               title = "Run Script"
               scriptText = ""
               shellToInvoke = "LOG_PATH=`echo &quot;${BUILD_DIR}&quot; | sed &quot;s/Build\/Products/Logs\/Test/&quot;`&#10;&quot;${SRCROOT}/test_runner.sh&quot; &quot;$LOG_PATH&quot; &quot;${SRCROOT}&quot;">
            </ActionContent>
         </ExecutionAction>
      </PostActions>
      <Testables>
         <TestableReference
            skipped = "NO">
            <BuildableReference
               BuildableIdentifier = "primary"
               BlueprintIdentifier = "2B98D8B31D240CAA00905AE2"
               BuildableName = "github-repo-starring-swiftTests.xctest"
               BlueprintName = "github-repo-starring-swiftTests"
               ReferencedContainer = "container:github-repo-starring-swift.xcodeproj">
            </BuildableReference>
         </TestableReference>
         <TestableReference
            skipped = "NO">
            <BuildableReference
               BuildableIdentifier = "primary"
               BlueprintIdentifier = "2B98D8BE1D240CAA00905AE2"
               BuildableName = "github-repo-starring-swiftUITests.xctest"
               BlueprintName = "github-repo-starring-swiftUITests"
               ReferencedContainer = "container:github-repo-starring-swift.xcodeproj">
            </BuildableReference>
         </TestableReference>
      </Testables>
      <MacroExpansion>
         <BuildableReference
            BuildableIdentifier = "primary"
            BlueprintIdentifier = "2B98D89F1D240CAA00905AE2"
            BuildableName = "github-repo-starring-swift.app"
            BlueprintName = "github-repo-starring-swift"
            ReferencedContainer = "container:github-repo-starring-swift.xcodeproj">
         </BuildableReference>
      </MacroExpansion>
      <AdditionalOptions>
      </AdditionalOptions>
   </TestAction>
   <LaunchAction
      buildConfiguration = "Debug"
      selectedDebuggerIdentifier = "Xcode.DebuggerFoundation.Debugger.LLDB"
      selectedLauncherIdentifier = "Xcode.DebuggerFoundation.Launcher.LLDB"
      launchStyle = "0"
      useCustomWorkingDirectory = "NO"
      ignoresPersistentStateOnLaunch = "NO"
      debugDocumentVersioning = "YES"
      debugServiceExtension = "internal"
      allowLocationSimulation = "YES">
      <BuildableProductRunnable
         runnableDebuggingMode = "0">
         <BuildableReference
            BuildableIdentifier = "primary"
            BlueprintIdentifier = "2B98D89F1D240CAA00905AE2"
            BuildableName = "github-repo-starring-swift.app"
            BlueprintName = "github-repo-starring-swift"
            ReferencedContainer = "container:github-repo-starring-swift.xcodeproj">
         </BuildableReference>
      </BuildableProductRunnable>
      <AdditionalOptions>
      </AdditionalOptions>
   </LaunchAction>
   <ProfileAction
      buildConfiguration = "Release"
      shouldUseLaunchSchemeArgsEnv = "YES"
      savedToolIdentifier = ""
      useCustomWorkingDirectory = "NO"
      debugDocumentVersioning = "YES">
      <BuildableProductRunnable
         runnableDebuggingMode = "0">
         <BuildableReference
            BuildableIdentifier = "primary"
            BlueprintIdentifier = "2B98D89F1D240CAA00905AE2"
            BuildableName = "github-repo-starring-swift.app"
            BlueprintName = "github-repo-starring-swift"
            ReferencedContainer = "container:github-repo-starring-swift.xcodeproj">
         </BuildableReference>
      </BuildableProductRunnable>
   </ProfileAction>
   <AnalyzeAction
      buildConfiguration = "Debug">
   </AnalyzeAction>
   <ArchiveAction
      buildConfiguration = "Release"
      revealArchiveInOrganizer = "YES">
   </ArchiveAction>
</Scheme>
