// !$*UTF8*$!
{
	archiveVersion = 1;
	classes = {
	};
	objectVersion = 46;
	objects = {

/* Begin PBXBuildFile section */
		2B95E51B1D47E68900A3CE03 /* GithubRepositorySpec.swift in Sources */ = {isa = PBXBuildFile; fileRef = 2B95E51A1D47E68900A3CE03 /* GithubRepositorySpec.swift */; };
		2B95E51D1D47E69A00A3CE03 /* ReposDataStoreSpec.swift in Sources */ = {isa = PBXBuildFile; fileRef = 2B95E51C1D47E69A00A3CE03 /* ReposDataStoreSpec.swift */; };
		2B95E5211D47E6B600A3CE03 /* GithubAPIClientSpec.swift in Sources */ = {isa = PBXBuildFile; fileRef = 2B95E5201D47E6B600A3CE03 /* GithubAPIClientSpec.swift */; };
		2B95E5251D48059700A3CE03 /* not_starred.json in Resources */ = {isa = PBXBuildFile; fileRef = 2B95E5241D48059700A3CE03 /* not_starred.json */; };
		2B95E5271D4805A200A3CE03 /* not_starred.json in Resources */ = {isa = PBXBuildFile; fileRef = 2B95E5261D4805A200A3CE03 /* not_starred.json */; };
		2B95E5291D48149600A3CE03 /* repositories.json in Resources */ = {isa = PBXBuildFile; fileRef = 2B95E5281D48149600A3CE03 /* repositories.json */; };
		2B95E52B1D4814A800A3CE03 /* repositories.json in Resources */ = {isa = PBXBuildFile; fileRef = 2B95E52A1D4814A800A3CE03 /* repositories.json */; };
		2B98D8A41D240CAA00905AE2 /* AppDelegate.swift in Sources */ = {isa = PBXBuildFile; fileRef = 2B98D8A31D240CAA00905AE2 /* AppDelegate.swift */; };
		2B98D8A91D240CAA00905AE2 /* Main.storyboard in Resources */ = {isa = PBXBuildFile; fileRef = 2B98D8A71D240CAA00905AE2 /* Main.storyboard */; };
		2B98D8AB1D240CAA00905AE2 /* Assets.xcassets in Resources */ = {isa = PBXBuildFile; fileRef = 2B98D8AA1D240CAA00905AE2 /* Assets.xcassets */; };
		2B98D8AE1D240CAA00905AE2 /* LaunchScreen.storyboard in Resources */ = {isa = PBXBuildFile; fileRef = 2B98D8AC1D240CAA00905AE2 /* LaunchScreen.storyboard */; };
		2B98D8B91D240CAA00905AE2 /* github_repo_starring_swiftTests.swift in Sources */ = {isa = PBXBuildFile; fileRef = 2B98D8B81D240CAA00905AE2 /* github_repo_starring_swiftTests.swift */; };
		2B98D8C41D240CAA00905AE2 /* github_repo_starring_swiftUITests.swift in Sources */ = {isa = PBXBuildFile; fileRef = 2B98D8C31D240CAA00905AE2 /* github_repo_starring_swiftUITests.swift */; };
		2B98D8DB1D24798100905AE2 /* GithubAPIClient.swift in Sources */ = {isa = PBXBuildFile; fileRef = 2B98D8D71D24798100905AE2 /* GithubAPIClient.swift */; };
		2B98D8DC1D24798100905AE2 /* GithubRepository.swift in Sources */ = {isa = PBXBuildFile; fileRef = 2B98D8D81D24798100905AE2 /* GithubRepository.swift */; };
		2B98D8DD1D24798100905AE2 /* ReposDataStore.swift in Sources */ = {isa = PBXBuildFile; fileRef = 2B98D8D91D24798100905AE2 /* ReposDataStore.swift */; };
		2B98D8DE1D24798100905AE2 /* ReposTableViewController.swift in Sources */ = {isa = PBXBuildFile; fileRef = 2B98D8DA1D24798100905AE2 /* ReposTableViewController.swift */; };
		2B98D8E01D247C4200905AE2 /* Secrets.swift in Sources */ = {isa = PBXBuildFile; fileRef = 2B98D8DF1D247C4200905AE2 /* Secrets.swift */; };
		2BDD30521D485BDE00D5EB65 /* ReposTableViewControllerSpec.swift in Sources */ = {isa = PBXBuildFile; fileRef = 2B95E51E1D47E6AD00A3CE03 /* ReposTableViewControllerSpec.swift */; };
		C5E4F2001BBBC95D8D3F4430 /* Pods_github_repo_starring_swiftTests.framework in Frameworks */ = {isa = PBXBuildFile; fileRef = 6CDBE2ACE923D8CDFD38B4F7 /* Pods_github_repo_starring_swiftTests.framework */; };
		E469760B6B6318682CBFFC80 /* Pods_github_repo_starring_swift.framework in Frameworks */ = {isa = PBXBuildFile; fileRef = A179635F1007470EC5602730 /* Pods_github_repo_starring_swift.framework */; };
		FD62C592C0D7051F0AFB44F9 /* Pods_github_repo_starring_swiftUITests.framework in Frameworks */ = {isa = PBXBuildFile; fileRef = 658254DB5FDFE59398B86708 /* Pods_github_repo_starring_swiftUITests.framework */; };
/* End PBXBuildFile section */

/* Begin PBXContainerItemProxy section */
		2B98D8B51D240CAA00905AE2 /* PBXContainerItemProxy */ = {
			isa = PBXContainerItemProxy;
			containerPortal = 2B98D8981D240CA900905AE2 /* Project object */;
			proxyType = 1;
			remoteGlobalIDString = 2B98D89F1D240CAA00905AE2;
			remoteInfo = "github-repo-starring-swift";
		};
		2B98D8C01D240CAA00905AE2 /* PBXContainerItemProxy */ = {
			isa = PBXContainerItemProxy;
			containerPortal = 2B98D8981D240CA900905AE2 /* Project object */;
			proxyType = 1;
			remoteGlobalIDString = 2B98D89F1D240CAA00905AE2;
			remoteInfo = "github-repo-starring-swift";
		};
/* End PBXContainerItemProxy section */

/* Begin PBXFileReference section */
		0F763280794D0115749C010D /* Pods-github-repo-starring-swift.release.xcconfig */ = {isa = PBXFileReference; includeInIndex = 1; lastKnownFileType = text.xcconfig; name = "Pods-github-repo-starring-swift.release.xcconfig"; path = "Pods/Target Support Files/Pods-github-repo-starring-swift/Pods-github-repo-starring-swift.release.xcconfig"; sourceTree = "<group>"; };
		2B95E51A1D47E68900A3CE03 /* GithubRepositorySpec.swift */ = {isa = PBXFileReference; fileEncoding = 4; lastKnownFileType = sourcecode.swift; path = GithubRepositorySpec.swift; sourceTree = "<group>"; };
		2B95E51C1D47E69A00A3CE03 /* ReposDataStoreSpec.swift */ = {isa = PBXFileReference; fileEncoding = 4; lastKnownFileType = sourcecode.swift; path = ReposDataStoreSpec.swift; sourceTree = "<group>"; };
		2B95E51E1D47E6AD00A3CE03 /* ReposTableViewControllerSpec.swift */ = {isa = PBXFileReference; fileEncoding = 4; lastKnownFileType = sourcecode.swift; path = ReposTableViewControllerSpec.swift; sourceTree = "<group>"; };
		2B95E5201D47E6B600A3CE03 /* GithubAPIClientSpec.swift */ = {isa = PBXFileReference; fileEncoding = 4; lastKnownFileType = sourcecode.swift; path = GithubAPIClientSpec.swift; sourceTree = "<group>"; };
		2B95E5241D48059700A3CE03 /* not_starred.json */ = {isa = PBXFileReference; fileEncoding = 4; lastKnownFileType = text.json; path = not_starred.json; sourceTree = "<group>"; };
		2B95E5261D4805A200A3CE03 /* not_starred.json */ = {isa = PBXFileReference; fileEncoding = 4; lastKnownFileType = text.json; path = not_starred.json; sourceTree = "<group>"; };
		2B95E5281D48149600A3CE03 /* repositories.json */ = {isa = PBXFileReference; fileEncoding = 4; lastKnownFileType = text.json; path = repositories.json; sourceTree = "<group>"; };
		2B95E52A1D4814A800A3CE03 /* repositories.json */ = {isa = PBXFileReference; fileEncoding = 4; lastKnownFileType = text.json; path = repositories.json; sourceTree = "<group>"; };
		2B98D8A01D240CAA00905AE2 /* github-repo-starring-swift.app */ = {isa = PBXFileReference; explicitFileType = wrapper.application; includeInIndex = 0; path = "github-repo-starring-swift.app"; sourceTree = BUILT_PRODUCTS_DIR; };
		2B98D8A31D240CAA00905AE2 /* AppDelegate.swift */ = {isa = PBXFileReference; lastKnownFileType = sourcecode.swift; path = AppDelegate.swift; sourceTree = "<group>"; };
		2B98D8A81D240CAA00905AE2 /* Base */ = {isa = PBXFileReference; lastKnownFileType = file.storyboard; name = Base; path = Base.lproj/Main.storyboard; sourceTree = "<group>"; };
		2B98D8AA1D240CAA00905AE2 /* Assets.xcassets */ = {isa = PBXFileReference; lastKnownFileType = folder.assetcatalog; path = Assets.xcassets; sourceTree = "<group>"; };
		2B98D8AD1D240CAA00905AE2 /* Base */ = {isa = PBXFileReference; lastKnownFileType = file.storyboard; name = Base; path = Base.lproj/LaunchScreen.storyboard; sourceTree = "<group>"; };
		2B98D8AF1D240CAA00905AE2 /* Info.plist */ = {isa = PBXFileReference; lastKnownFileType = text.plist.xml; path = Info.plist; sourceTree = "<group>"; };
		2B98D8B41D240CAA00905AE2 /* github-repo-starring-swiftTests.xctest */ = {isa = PBXFileReference; explicitFileType = wrapper.cfbundle; includeInIndex = 0; path = "github-repo-starring-swiftTests.xctest"; sourceTree = BUILT_PRODUCTS_DIR; };
		2B98D8B81D240CAA00905AE2 /* github_repo_starring_swiftTests.swift */ = {isa = PBXFileReference; lastKnownFileType = sourcecode.swift; path = github_repo_starring_swiftTests.swift; sourceTree = "<group>"; };
		2B98D8BA1D240CAA00905AE2 /* Info.plist */ = {isa = PBXFileReference; lastKnownFileType = text.plist.xml; path = Info.plist; sourceTree = "<group>"; };
		2B98D8BF1D240CAA00905AE2 /* github-repo-starring-swiftUITests.xctest */ = {isa = PBXFileReference; explicitFileType = wrapper.cfbundle; includeInIndex = 0; path = "github-repo-starring-swiftUITests.xctest"; sourceTree = BUILT_PRODUCTS_DIR; };
		2B98D8C31D240CAA00905AE2 /* github_repo_starring_swiftUITests.swift */ = {isa = PBXFileReference; lastKnownFileType = sourcecode.swift; path = github_repo_starring_swiftUITests.swift; sourceTree = "<group>"; };
		2B98D8C51D240CAA00905AE2 /* Info.plist */ = {isa = PBXFileReference; lastKnownFileType = text.plist.xml; path = Info.plist; sourceTree = "<group>"; };
		2B98D8D71D24798100905AE2 /* GithubAPIClient.swift */ = {isa = PBXFileReference; fileEncoding = 4; lastKnownFileType = sourcecode.swift; path = GithubAPIClient.swift; sourceTree = "<group>"; };
		2B98D8D81D24798100905AE2 /* GithubRepository.swift */ = {isa = PBXFileReference; fileEncoding = 4; lastKnownFileType = sourcecode.swift; path = GithubRepository.swift; sourceTree = "<group>"; };
		2B98D8D91D24798100905AE2 /* ReposDataStore.swift */ = {isa = PBXFileReference; fileEncoding = 4; lastKnownFileType = sourcecode.swift; path = ReposDataStore.swift; sourceTree = "<group>"; };
		2B98D8DA1D24798100905AE2 /* ReposTableViewController.swift */ = {isa = PBXFileReference; fileEncoding = 4; lastKnownFileType = sourcecode.swift; path = ReposTableViewController.swift; sourceTree = "<group>"; };
		2B98D8DF1D247C4200905AE2 /* Secrets.swift */ = {isa = PBXFileReference; fileEncoding = 4; lastKnownFileType = sourcecode.swift; path = Secrets.swift; sourceTree = "<group>"; };
		5FA4453C00CF3E3D12416DD3 /* Pods-github-repo-starring-swiftTests.debug.xcconfig */ = {isa = PBXFileReference; includeInIndex = 1; lastKnownFileType = text.xcconfig; name = "Pods-github-repo-starring-swiftTests.debug.xcconfig"; path = "Pods/Target Support Files/Pods-github-repo-starring-swiftTests/Pods-github-repo-starring-swiftTests.debug.xcconfig"; sourceTree = "<group>"; };
		5FC284E07559261A0BFE05E7 /* Pods-github-repo-starring-swiftTests.release.xcconfig */ = {isa = PBXFileReference; includeInIndex = 1; lastKnownFileType = text.xcconfig; name = "Pods-github-repo-starring-swiftTests.release.xcconfig"; path = "Pods/Target Support Files/Pods-github-repo-starring-swiftTests/Pods-github-repo-starring-swiftTests.release.xcconfig"; sourceTree = "<group>"; };
		658254DB5FDFE59398B86708 /* Pods_github_repo_starring_swiftUITests.framework */ = {isa = PBXFileReference; explicitFileType = wrapper.framework; includeInIndex = 0; path = Pods_github_repo_starring_swiftUITests.framework; sourceTree = BUILT_PRODUCTS_DIR; };
		6CDBE2ACE923D8CDFD38B4F7 /* Pods_github_repo_starring_swiftTests.framework */ = {isa = PBXFileReference; explicitFileType = wrapper.framework; includeInIndex = 0; path = Pods_github_repo_starring_swiftTests.framework; sourceTree = BUILT_PRODUCTS_DIR; };
		6F2320D4B3E475CF730DE6E6 /* Pods-github-repo-starring-swiftUITests.release.xcconfig */ = {isa = PBXFileReference; includeInIndex = 1; lastKnownFileType = text.xcconfig; name = "Pods-github-repo-starring-swiftUITests.release.xcconfig"; path = "Pods/Target Support Files/Pods-github-repo-starring-swiftUITests/Pods-github-repo-starring-swiftUITests.release.xcconfig"; sourceTree = "<group>"; };
		A179635F1007470EC5602730 /* Pods_github_repo_starring_swift.framework */ = {isa = PBXFileReference; explicitFileType = wrapper.framework; includeInIndex = 0; path = Pods_github_repo_starring_swift.framework; sourceTree = BUILT_PRODUCTS_DIR; };
		A21CBE0CEDEE8EDE87EAE31C /* Pods-github-repo-starring-swift.debug.xcconfig */ = {isa = PBXFileReference; includeInIndex = 1; lastKnownFileType = text.xcconfig; name = "Pods-github-repo-starring-swift.debug.xcconfig"; path = "Pods/Target Support Files/Pods-github-repo-starring-swift/Pods-github-repo-starring-swift.debug.xcconfig"; sourceTree = "<group>"; };
		B261F27F4AD92E98956581FC /* Pods-github-repo-starring-swiftUITests.debug.xcconfig */ = {isa = PBXFileReference; includeInIndex = 1; lastKnownFileType = text.xcconfig; name = "Pods-github-repo-starring-swiftUITests.debug.xcconfig"; path = "Pods/Target Support Files/Pods-github-repo-starring-swiftUITests/Pods-github-repo-starring-swiftUITests.debug.xcconfig"; sourceTree = "<group>"; };
/* End PBXFileReference section */

/* Begin PBXFrameworksBuildPhase section */
		2B98D89D1D240CAA00905AE2 /* Frameworks */ = {
			isa = PBXFrameworksBuildPhase;
			buildActionMask = 2147483647;
			files = (
				E469760B6B6318682CBFFC80 /* Pods_github_repo_starring_swift.framework in Frameworks */,
			);
			runOnlyForDeploymentPostprocessing = 0;
		};
		2B98D8B11D240CAA00905AE2 /* Frameworks */ = {
			isa = PBXFrameworksBuildPhase;
			buildActionMask = 2147483647;
			files = (
				C5E4F2001BBBC95D8D3F4430 /* Pods_github_repo_starring_swiftTests.framework in Frameworks */,
			);
			runOnlyForDeploymentPostprocessing = 0;
		};
		2B98D8BC1D240CAA00905AE2 /* Frameworks */ = {
			isa = PBXFrameworksBuildPhase;
			buildActionMask = 2147483647;
			files = (
				FD62C592C0D7051F0AFB44F9 /* Pods_github_repo_starring_swiftUITests.framework in Frameworks */,
			);
			runOnlyForDeploymentPostprocessing = 0;
		};
/* End PBXFrameworksBuildPhase section */

/* Begin PBXGroup section */
		2B98D8971D240CA900905AE2 = {
			isa = PBXGroup;
			children = (
				2B98D8A21D240CAA00905AE2 /* github-repo-starring-swift */,
				2B98D8B71D240CAA00905AE2 /* github-repo-starring-swiftTests */,
				2B98D8C21D240CAA00905AE2 /* github-repo-starring-swiftUITests */,
				2B98D8A11D240CAA00905AE2 /* Products */,
				58A939A9D911CCD2285C4D59 /* Pods */,
				6D2E6FD3DDF2108B74E18554 /* Frameworks */,
			);
			sourceTree = "<group>";
		};
		2B98D8A11D240CAA00905AE2 /* Products */ = {
			isa = PBXGroup;
			children = (
				2B98D8A01D240CAA00905AE2 /* github-repo-starring-swift.app */,
				2B98D8B41D240CAA00905AE2 /* github-repo-starring-swiftTests.xctest */,
				2B98D8BF1D240CAA00905AE2 /* github-repo-starring-swiftUITests.xctest */,
			);
			name = Products;
			sourceTree = "<group>";
		};
		2B98D8A21D240CAA00905AE2 /* github-repo-starring-swift */ = {
			isa = PBXGroup;
			children = (
				2B98D8DF1D247C4200905AE2 /* Secrets.swift */,
				2B98D8D71D24798100905AE2 /* GithubAPIClient.swift */,
				2B98D8D81D24798100905AE2 /* GithubRepository.swift */,
				2B98D8D91D24798100905AE2 /* ReposDataStore.swift */,
				2B98D8DA1D24798100905AE2 /* ReposTableViewController.swift */,
				2B98D8A31D240CAA00905AE2 /* AppDelegate.swift */,
				2B98D8A71D240CAA00905AE2 /* Main.storyboard */,
				2B98D8AA1D240CAA00905AE2 /* Assets.xcassets */,
				2B98D8AC1D240CAA00905AE2 /* LaunchScreen.storyboard */,
				2B98D8AF1D240CAA00905AE2 /* Info.plist */,
				2B95E52A1D4814A800A3CE03 /* repositories.json */,
				2B95E5261D4805A200A3CE03 /* not_starred.json */,
			);
			path = "github-repo-starring-swift";
			sourceTree = "<group>";
		};
		2B98D8B71D240CAA00905AE2 /* github-repo-starring-swiftTests */ = {
			isa = PBXGroup;
			children = (
				2B95E5281D48149600A3CE03 /* repositories.json */,
				2B95E5241D48059700A3CE03 /* not_starred.json */,
				2B95E51A1D47E68900A3CE03 /* GithubRepositorySpec.swift */,
				2B95E51C1D47E69A00A3CE03 /* ReposDataStoreSpec.swift */,
				2B95E51E1D47E6AD00A3CE03 /* ReposTableViewControllerSpec.swift */,
				2B95E5201D47E6B600A3CE03 /* GithubAPIClientSpec.swift */,
				2B98D8B81D240CAA00905AE2 /* github_repo_starring_swiftTests.swift */,
				2B98D8BA1D240CAA00905AE2 /* Info.plist */,
			);
			path = "github-repo-starring-swiftTests";
			sourceTree = "<group>";
		};
		2B98D8C21D240CAA00905AE2 /* github-repo-starring-swiftUITests */ = {
			isa = PBXGroup;
			children = (
				2B98D8C31D240CAA00905AE2 /* github_repo_starring_swiftUITests.swift */,
				2B98D8C51D240CAA00905AE2 /* Info.plist */,
			);
			path = "github-repo-starring-swiftUITests";
			sourceTree = "<group>";
		};
		58A939A9D911CCD2285C4D59 /* Pods */ = {
			isa = PBXGroup;
			children = (
				A21CBE0CEDEE8EDE87EAE31C /* Pods-github-repo-starring-swift.debug.xcconfig */,
				0F763280794D0115749C010D /* Pods-github-repo-starring-swift.release.xcconfig */,
				5FA4453C00CF3E3D12416DD3 /* Pods-github-repo-starring-swiftTests.debug.xcconfig */,
				5FC284E07559261A0BFE05E7 /* Pods-github-repo-starring-swiftTests.release.xcconfig */,
				B261F27F4AD92E98956581FC /* Pods-github-repo-starring-swiftUITests.debug.xcconfig */,
				6F2320D4B3E475CF730DE6E6 /* Pods-github-repo-starring-swiftUITests.release.xcconfig */,
			);
			name = Pods;
			sourceTree = "<group>";
		};
		6D2E6FD3DDF2108B74E18554 /* Frameworks */ = {
			isa = PBXGroup;
			children = (
				A179635F1007470EC5602730 /* Pods_github_repo_starring_swift.framework */,
				6CDBE2ACE923D8CDFD38B4F7 /* Pods_github_repo_starring_swiftTests.framework */,
				658254DB5FDFE59398B86708 /* Pods_github_repo_starring_swiftUITests.framework */,
			);
			name = Frameworks;
			sourceTree = "<group>";
		};
/* End PBXGroup section */

/* Begin PBXNativeTarget section */
		2B98D89F1D240CAA00905AE2 /* github-repo-starring-swift */ = {
			isa = PBXNativeTarget;
			buildConfigurationList = 2B98D8C81D240CAA00905AE2 /* Build configuration list for PBXNativeTarget "github-repo-starring-swift" */;
			buildPhases = (
				F12D3952648A726BB5C0DD11 /* [CP] Check Pods Manifest.lock */,
				2B98D89C1D240CAA00905AE2 /* Sources */,
				2B98D89D1D240CAA00905AE2 /* Frameworks */,
				2B98D89E1D240CAA00905AE2 /* Resources */,
				7DB69FDCBED4CA6AD7C0C7B8 /* [CP] Embed Pods Frameworks */,
				837DDE2F927B3E80E1C3978A /* [CP] Copy Pods Resources */,
			);
			buildRules = (
			);
			dependencies = (
			);
			name = "github-repo-starring-swift";
			productName = "github-repo-starring-swift";
			productReference = 2B98D8A01D240CAA00905AE2 /* github-repo-starring-swift.app */;
			productType = "com.apple.product-type.application";
		};
		2B98D8B31D240CAA00905AE2 /* github-repo-starring-swiftTests */ = {
			isa = PBXNativeTarget;
			buildConfigurationList = 2B98D8CB1D240CAA00905AE2 /* Build configuration list for PBXNativeTarget "github-repo-starring-swiftTests" */;
			buildPhases = (
				1C256A472B788AE1FD74D7C5 /* [CP] Check Pods Manifest.lock */,
				2B98D8B01D240CAA00905AE2 /* Sources */,
				2B98D8B11D240CAA00905AE2 /* Frameworks */,
				2B98D8B21D240CAA00905AE2 /* Resources */,
				B7E4A6F5C3E6FF51F74F08CE /* [CP] Embed Pods Frameworks */,
				30C97D67D2029B0BBE604139 /* [CP] Copy Pods Resources */,
			);
			buildRules = (
			);
			dependencies = (
				2B98D8B61D240CAA00905AE2 /* PBXTargetDependency */,
			);
			name = "github-repo-starring-swiftTests";
			productName = "github-repo-starring-swiftTests";
			productReference = 2B98D8B41D240CAA00905AE2 /* github-repo-starring-swiftTests.xctest */;
			productType = "com.apple.product-type.bundle.unit-test";
		};
		2B98D8BE1D240CAA00905AE2 /* github-repo-starring-swiftUITests */ = {
			isa = PBXNativeTarget;
			buildConfigurationList = 2B98D8CE1D240CAA00905AE2 /* Build configuration list for PBXNativeTarget "github-repo-starring-swiftUITests" */;
			buildPhases = (
				17825CFB0D8173026397C644 /* [CP] Check Pods Manifest.lock */,
				2B98D8BB1D240CAA00905AE2 /* Sources */,
				2B98D8BC1D240CAA00905AE2 /* Frameworks */,
				2B98D8BD1D240CAA00905AE2 /* Resources */,
				BE05585FA12804F4CA35C6B3 /* [CP] Copy Pods Resources */,
			);
			buildRules = (
			);
			dependencies = (
				2B98D8C11D240CAA00905AE2 /* PBXTargetDependency */,
			);
			name = "github-repo-starring-swiftUITests";
			productName = "github-repo-starring-swiftUITests";
			productReference = 2B98D8BF1D240CAA00905AE2 /* github-repo-starring-swiftUITests.xctest */;
			productType = "com.apple.product-type.bundle.ui-testing";
		};
/* End PBXNativeTarget section */

/* Begin PBXProject section */
		2B98D8981D240CA900905AE2 /* Project object */ = {
			isa = PBXProject;
			attributes = {
				LastSwiftUpdateCheck = 0730;
				LastUpgradeCheck = 0730;
				ORGANIZATIONNAME = "Flatiron School";
				TargetAttributes = {
					2B98D89F1D240CAA00905AE2 = {
						CreatedOnToolsVersion = 7.3;
					};
					2B98D8B31D240CAA00905AE2 = {
						CreatedOnToolsVersion = 7.3;
						TestTargetID = 2B98D89F1D240CAA00905AE2;
					};
					2B98D8BE1D240CAA00905AE2 = {
						CreatedOnToolsVersion = 7.3;
						TestTargetID = 2B98D89F1D240CAA00905AE2;
					};
				};
			};
			buildConfigurationList = 2B98D89B1D240CA900905AE2 /* Build configuration list for PBXProject "github-repo-starring-swift" */;
			compatibilityVersion = "Xcode 3.2";
			developmentRegion = English;
			hasScannedForEncodings = 0;
			knownRegions = (
				en,
				Base,
			);
			mainGroup = 2B98D8971D240CA900905AE2;
			productRefGroup = 2B98D8A11D240CAA00905AE2 /* Products */;
			projectDirPath = "";
			projectRoot = "";
			targets = (
				2B98D89F1D240CAA00905AE2 /* github-repo-starring-swift */,
				2B98D8B31D240CAA00905AE2 /* github-repo-starring-swiftTests */,
				2B98D8BE1D240CAA00905AE2 /* github-repo-starring-swiftUITests */,
			);
		};
/* End PBXProject section */

/* Begin PBXResourcesBuildPhase section */
		2B98D89E1D240CAA00905AE2 /* Resources */ = {
			isa = PBXResourcesBuildPhase;
			buildActionMask = 2147483647;
			files = (
				2B98D8AE1D240CAA00905AE2 /* LaunchScreen.storyboard in Resources */,
				2B95E5271D4805A200A3CE03 /* not_starred.json in Resources */,
				2B98D8AB1D240CAA00905AE2 /* Assets.xcassets in Resources */,
				2B98D8A91D240CAA00905AE2 /* Main.storyboard in Resources */,
				2B95E52B1D4814A800A3CE03 /* repositories.json in Resources */,
			);
			runOnlyForDeploymentPostprocessing = 0;
		};
		2B98D8B21D240CAA00905AE2 /* Resources */ = {
			isa = PBXResourcesBuildPhase;
			buildActionMask = 2147483647;
			files = (
				2B95E5251D48059700A3CE03 /* not_starred.json in Resources */,
				2B95E5291D48149600A3CE03 /* repositories.json in Resources */,
			);
			runOnlyForDeploymentPostprocessing = 0;
		};
		2B98D8BD1D240CAA00905AE2 /* Resources */ = {
			isa = PBXResourcesBuildPhase;
			buildActionMask = 2147483647;
			files = (
			);
			runOnlyForDeploymentPostprocessing = 0;
		};
/* End PBXResourcesBuildPhase section */

/* Begin PBXShellScriptBuildPhase section */
		17825CFB0D8173026397C644 /* [CP] Check Pods Manifest.lock */ = {
			isa = PBXShellScriptBuildPhase;
			buildActionMask = 2147483647;
			files = (
			);
			inputPaths = (
			);
			name = "[CP] Check Pods Manifest.lock";
			outputPaths = (
			);
			runOnlyForDeploymentPostprocessing = 0;
			shellPath = /bin/sh;
			shellScript = "diff \"${PODS_ROOT}/../Podfile.lock\" \"${PODS_ROOT}/Manifest.lock\" > /dev/null\nif [[ $? != 0 ]] ; then\n    cat << EOM\nerror: The sandbox is not in sync with the Podfile.lock. Run 'pod install' or update your CocoaPods installation.\nEOM\n    exit 1\nfi\n";
			showEnvVarsInLog = 0;
		};
		1C256A472B788AE1FD74D7C5 /* [CP] Check Pods Manifest.lock */ = {
			isa = PBXShellScriptBuildPhase;
			buildActionMask = 2147483647;
			files = (
			);
			inputPaths = (
			);
			name = "[CP] Check Pods Manifest.lock";
			outputPaths = (
			);
			runOnlyForDeploymentPostprocessing = 0;
			shellPath = /bin/sh;
			shellScript = "diff \"${PODS_ROOT}/../Podfile.lock\" \"${PODS_ROOT}/Manifest.lock\" > /dev/null\nif [[ $? != 0 ]] ; then\n    cat << EOM\nerror: The sandbox is not in sync with the Podfile.lock. Run 'pod install' or update your CocoaPods installation.\nEOM\n    exit 1\nfi\n";
			showEnvVarsInLog = 0;
		};
		30C97D67D2029B0BBE604139 /* [CP] Copy Pods Resources */ = {
			isa = PBXShellScriptBuildPhase;
			buildActionMask = 2147483647;
			files = (
			);
			inputPaths = (
			);
			name = "[CP] Copy Pods Resources";
			outputPaths = (
			);
			runOnlyForDeploymentPostprocessing = 0;
			shellPath = /bin/sh;
			shellScript = "\"${SRCROOT}/Pods/Target Support Files/Pods-github-repo-starring-swiftTests/Pods-github-repo-starring-swiftTests-resources.sh\"\n";
			showEnvVarsInLog = 0;
		};
		7DB69FDCBED4CA6AD7C0C7B8 /* [CP] Embed Pods Frameworks */ = {
			isa = PBXShellScriptBuildPhase;
			buildActionMask = 2147483647;
			files = (
			);
			inputPaths = (
			);
			name = "[CP] Embed Pods Frameworks";
			outputPaths = (
			);
			runOnlyForDeploymentPostprocessing = 0;
			shellPath = /bin/sh;
			shellScript = "\"${SRCROOT}/Pods/Target Support Files/Pods-github-repo-starring-swift/Pods-github-repo-starring-swift-frameworks.sh\"\n";
			showEnvVarsInLog = 0;
		};
		837DDE2F927B3E80E1C3978A /* [CP] Copy Pods Resources */ = {
			isa = PBXShellScriptBuildPhase;
			buildActionMask = 2147483647;
			files = (
			);
			inputPaths = (
			);
			name = "[CP] Copy Pods Resources";
			outputPaths = (
			);
			runOnlyForDeploymentPostprocessing = 0;
			shellPath = /bin/sh;
			shellScript = "\"${SRCROOT}/Pods/Target Support Files/Pods-github-repo-starring-swift/Pods-github-repo-starring-swift-resources.sh\"\n";
			showEnvVarsInLog = 0;
		};
		B7E4A6F5C3E6FF51F74F08CE /* [CP] Embed Pods Frameworks */ = {
			isa = PBXShellScriptBuildPhase;
			buildActionMask = 2147483647;
			files = (
			);
			inputPaths = (
			);
			name = "[CP] Embed Pods Frameworks";
			outputPaths = (
			);
			runOnlyForDeploymentPostprocessing = 0;
			shellPath = /bin/sh;
			shellScript = "\"${SRCROOT}/Pods/Target Support Files/Pods-github-repo-starring-swiftTests/Pods-github-repo-starring-swiftTests-frameworks.sh\"\n";
			showEnvVarsInLog = 0;
		};
		BE05585FA12804F4CA35C6B3 /* [CP] Copy Pods Resources */ = {
			isa = PBXShellScriptBuildPhase;
			buildActionMask = 2147483647;
			files = (
			);
			inputPaths = (
			);
			name = "[CP] Copy Pods Resources";
			outputPaths = (
			);
			runOnlyForDeploymentPostprocessing = 0;
			shellPath = /bin/sh;
			shellScript = "\"${SRCROOT}/Pods/Target Support Files/Pods-github-repo-starring-swiftUITests/Pods-github-repo-starring-swiftUITests-resources.sh\"\n";
			showEnvVarsInLog = 0;
		};
		F12D3952648A726BB5C0DD11 /* [CP] Check Pods Manifest.lock */ = {
			isa = PBXShellScriptBuildPhase;
			buildActionMask = 2147483647;
			files = (
			);
			inputPaths = (
			);
			name = "[CP] Check Pods Manifest.lock";
			outputPaths = (
			);
			runOnlyForDeploymentPostprocessing = 0;
			shellPath = /bin/sh;
			shellScript = "diff \"${PODS_ROOT}/../Podfile.lock\" \"${PODS_ROOT}/Manifest.lock\" > /dev/null\nif [[ $? != 0 ]] ; then\n    cat << EOM\nerror: The sandbox is not in sync with the Podfile.lock. Run 'pod install' or update your CocoaPods installation.\nEOM\n    exit 1\nfi\n";
			showEnvVarsInLog = 0;
		};
/* End PBXShellScriptBuildPhase section */

/* Begin PBXSourcesBuildPhase section */
		2B98D89C1D240CAA00905AE2 /* Sources */ = {
			isa = PBXSourcesBuildPhase;
			buildActionMask = 2147483647;
			files = (
				2B98D8DC1D24798100905AE2 /* GithubRepository.swift in Sources */,
				2B98D8E01D247C4200905AE2 /* Secrets.swift in Sources */,
				2B98D8DB1D24798100905AE2 /* GithubAPIClient.swift in Sources */,
				2B98D8A41D240CAA00905AE2 /* AppDelegate.swift in Sources */,
				2B98D8DD1D24798100905AE2 /* ReposDataStore.swift in Sources */,
				2B98D8DE1D24798100905AE2 /* ReposTableViewController.swift in Sources */,
			);
			runOnlyForDeploymentPostprocessing = 0;
		};
		2B98D8B01D240CAA00905AE2 /* Sources */ = {
			isa = PBXSourcesBuildPhase;
			buildActionMask = 2147483647;
			files = (
				2B95E51D1D47E69A00A3CE03 /* ReposDataStoreSpec.swift in Sources */,
				2B98D8B91D240CAA00905AE2 /* github_repo_starring_swiftTests.swift in Sources */,
				2BDD30521D485BDE00D5EB65 /* ReposTableViewControllerSpec.swift in Sources */,
				2B95E5211D47E6B600A3CE03 /* GithubAPIClientSpec.swift in Sources */,
				2B95E51B1D47E68900A3CE03 /* GithubRepositorySpec.swift in Sources */,
			);
			runOnlyForDeploymentPostprocessing = 0;
		};
		2B98D8BB1D240CAA00905AE2 /* Sources */ = {
			isa = PBXSourcesBuildPhase;
			buildActionMask = 2147483647;
			files = (
				2B98D8C41D240CAA00905AE2 /* github_repo_starring_swiftUITests.swift in Sources */,
			);
			runOnlyForDeploymentPostprocessing = 0;
		};
/* End PBXSourcesBuildPhase section */

/* Begin PBXTargetDependency section */
		2B98D8B61D240CAA00905AE2 /* PBXTargetDependency */ = {
			isa = PBXTargetDependency;
			target = 2B98D89F1D240CAA00905AE2 /* github-repo-starring-swift */;
			targetProxy = 2B98D8B51D240CAA00905AE2 /* PBXContainerItemProxy */;
		};
		2B98D8C11D240CAA00905AE2 /* PBXTargetDependency */ = {
			isa = PBXTargetDependency;
			target = 2B98D89F1D240CAA00905AE2 /* github-repo-starring-swift */;
			targetProxy = 2B98D8C01D240CAA00905AE2 /* PBXContainerItemProxy */;
		};
/* End PBXTargetDependency section */

/* Begin PBXVariantGroup section */
		2B98D8A71D240CAA00905AE2 /* Main.storyboard */ = {
			isa = PBXVariantGroup;
			children = (
				2B98D8A81D240CAA00905AE2 /* Base */,
			);
			name = Main.storyboard;
			sourceTree = "<group>";
		};
		2B98D8AC1D240CAA00905AE2 /* LaunchScreen.storyboard */ = {
			isa = PBXVariantGroup;
			children = (
				2B98D8AD1D240CAA00905AE2 /* Base */,
			);
			name = LaunchScreen.storyboard;
			sourceTree = "<group>";
		};
/* End PBXVariantGroup section */

/* Begin XCBuildConfiguration section */
		2B98D8C61D240CAA00905AE2 /* Debug */ = {
			isa = XCBuildConfiguration;
			buildSettings = {
				ALWAYS_SEARCH_USER_PATHS = NO;
				CLANG_ANALYZER_NONNULL = YES;
				CLANG_CXX_LANGUAGE_STANDARD = "gnu++0x";
				CLANG_CXX_LIBRARY = "libc++";
				CLANG_ENABLE_MODULES = YES;
				CLANG_ENABLE_OBJC_ARC = YES;
				CLANG_WARN_BOOL_CONVERSION = YES;
				CLANG_WARN_CONSTANT_CONVERSION = YES;
				CLANG_WARN_DIRECT_OBJC_ISA_USAGE = YES_ERROR;
				CLANG_WARN_EMPTY_BODY = YES;
				CLANG_WARN_ENUM_CONVERSION = YES;
				CLANG_WARN_INT_CONVERSION = YES;
				CLANG_WARN_OBJC_ROOT_CLASS = YES_ERROR;
				CLANG_WARN_UNREACHABLE_CODE = YES;
				CLANG_WARN__DUPLICATE_METHOD_MATCH = YES;
				"CODE_SIGN_IDENTITY[sdk=iphoneos*]" = "iPhone Developer";
				COPY_PHASE_STRIP = NO;
				DEBUG_INFORMATION_FORMAT = dwarf;
				ENABLE_STRICT_OBJC_MSGSEND = YES;
				ENABLE_TESTABILITY = YES;
				GCC_C_LANGUAGE_STANDARD = gnu99;
				GCC_DYNAMIC_NO_PIC = NO;
				GCC_NO_COMMON_BLOCKS = YES;
				GCC_OPTIMIZATION_LEVEL = 0;
				GCC_PREPROCESSOR_DEFINITIONS = (
					"DEBUG=1",
					"$(inherited)",
				);
				GCC_WARN_64_TO_32_BIT_CONVERSION = YES;
				GCC_WARN_ABOUT_RETURN_TYPE = YES_ERROR;
				GCC_WARN_UNDECLARED_SELECTOR = YES;
				GCC_WARN_UNINITIALIZED_AUTOS = YES_AGGRESSIVE;
				GCC_WARN_UNUSED_FUNCTION = YES;
				GCC_WARN_UNUSED_VARIABLE = YES;
				IPHONEOS_DEPLOYMENT_TARGET = 9.3;
				MTL_ENABLE_DEBUG_INFO = YES;
				ONLY_ACTIVE_ARCH = YES;
				SDKROOT = iphoneos;
				SWIFT_OPTIMIZATION_LEVEL = "-Onone";
				TARGETED_DEVICE_FAMILY = "1,2";
			};
			name = Debug;
		};
		2B98D8C71D240CAA00905AE2 /* Release */ = {
			isa = XCBuildConfiguration;
			buildSettings = {
				ALWAYS_SEARCH_USER_PATHS = NO;
				CLANG_ANALYZER_NONNULL = YES;
				CLANG_CXX_LANGUAGE_STANDARD = "gnu++0x";
				CLANG_CXX_LIBRARY = "libc++";
				CLANG_ENABLE_MODULES = YES;
				CLANG_ENABLE_OBJC_ARC = YES;
				CLANG_WARN_BOOL_CONVERSION = YES;
				CLANG_WARN_CONSTANT_CONVERSION = YES;
				CLANG_WARN_DIRECT_OBJC_ISA_USAGE = YES_ERROR;
				CLANG_WARN_EMPTY_BODY = YES;
				CLANG_WARN_ENUM_CONVERSION = YES;
				CLANG_WARN_INT_CONVERSION = YES;
				CLANG_WARN_OBJC_ROOT_CLASS = YES_ERROR;
				CLANG_WARN_UNREACHABLE_CODE = YES;
				CLANG_WARN__DUPLICATE_METHOD_MATCH = YES;
				"CODE_SIGN_IDENTITY[sdk=iphoneos*]" = "iPhone Developer";
				COPY_PHASE_STRIP = NO;
				DEBUG_INFORMATION_FORMAT = "dwarf-with-dsym";
				ENABLE_NS_ASSERTIONS = NO;
				ENABLE_STRICT_OBJC_MSGSEND = YES;
				GCC_C_LANGUAGE_STANDARD = gnu99;
				GCC_NO_COMMON_BLOCKS = YES;
				GCC_WARN_64_TO_32_BIT_CONVERSION = YES;
				GCC_WARN_ABOUT_RETURN_TYPE = YES_ERROR;
				GCC_WARN_UNDECLARED_SELECTOR = YES;
				GCC_WARN_UNINITIALIZED_AUTOS = YES_AGGRESSIVE;
				GCC_WARN_UNUSED_FUNCTION = YES;
				GCC_WARN_UNUSED_VARIABLE = YES;
				IPHONEOS_DEPLOYMENT_TARGET = 9.3;
				MTL_ENABLE_DEBUG_INFO = NO;
				SDKROOT = iphoneos;
				TARGETED_DEVICE_FAMILY = "1,2";
				VALIDATE_PRODUCT = YES;
			};
			name = Release;
		};
		2B98D8C91D240CAA00905AE2 /* Debug */ = {
			isa = XCBuildConfiguration;
			baseConfigurationReference = A21CBE0CEDEE8EDE87EAE31C /* Pods-github-repo-starring-swift.debug.xcconfig */;
			buildSettings = {
				ASSETCATALOG_COMPILER_APPICON_NAME = AppIcon;
				INFOPLIST_FILE = "github-repo-starring-swift/Info.plist";
				LD_RUNPATH_SEARCH_PATHS = "$(inherited) @executable_path/Frameworks";
				PRODUCT_BUNDLE_IDENTIFIER = "com.flatironschool.github-repo-starring-swift";
				PRODUCT_NAME = "$(TARGET_NAME)";
			};
			name = Debug;
		};
		2B98D8CA1D240CAA00905AE2 /* Release */ = {
			isa = XCBuildConfiguration;
			baseConfigurationReference = 0F763280794D0115749C010D /* Pods-github-repo-starring-swift.release.xcconfig */;
			buildSettings = {
				ASSETCATALOG_COMPILER_APPICON_NAME = AppIcon;
				INFOPLIST_FILE = "github-repo-starring-swift/Info.plist";
				LD_RUNPATH_SEARCH_PATHS = "$(inherited) @executable_path/Frameworks";
				PRODUCT_BUNDLE_IDENTIFIER = "com.flatironschool.github-repo-starring-swift";
				PRODUCT_NAME = "$(TARGET_NAME)";
			};
			name = Release;
		};
		2B98D8CC1D240CAA00905AE2 /* Debug */ = {
			isa = XCBuildConfiguration;
			baseConfigurationReference = 5FA4453C00CF3E3D12416DD3 /* Pods-github-repo-starring-swiftTests.debug.xcconfig */;
			buildSettings = {
				BUNDLE_LOADER = "$(TEST_HOST)";
				INFOPLIST_FILE = "github-repo-starring-swiftTests/Info.plist";
				LD_RUNPATH_SEARCH_PATHS = "$(inherited) @executable_path/Frameworks @loader_path/Frameworks";
				PRODUCT_BUNDLE_IDENTIFIER = "com.flatironschool.github-repo-starring-swiftTests";
				PRODUCT_NAME = "$(TARGET_NAME)";
				TEST_HOST = "$(BUILT_PRODUCTS_DIR)/github-repo-starring-swift.app/github-repo-starring-swift";
			};
			name = Debug;
		};
		2B98D8CD1D240CAA00905AE2 /* Release */ = {
			isa = XCBuildConfiguration;
			baseConfigurationReference = 5FC284E07559261A0BFE05E7 /* Pods-github-repo-starring-swiftTests.release.xcconfig */;
			buildSettings = {
				BUNDLE_LOADER = "$(TEST_HOST)";
				INFOPLIST_FILE = "github-repo-starring-swiftTests/Info.plist";
				LD_RUNPATH_SEARCH_PATHS = "$(inherited) @executable_path/Frameworks @loader_path/Frameworks";
				PRODUCT_BUNDLE_IDENTIFIER = "com.flatironschool.github-repo-starring-swiftTests";
				PRODUCT_NAME = "$(TARGET_NAME)";
				TEST_HOST = "$(BUILT_PRODUCTS_DIR)/github-repo-starring-swift.app/github-repo-starring-swift";
			};
			name = Release;
		};
		2B98D8CF1D240CAA00905AE2 /* Debug */ = {
			isa = XCBuildConfiguration;
			baseConfigurationReference = B261F27F4AD92E98956581FC /* Pods-github-repo-starring-swiftUITests.debug.xcconfig */;
			buildSettings = {
				INFOPLIST_FILE = "github-repo-starring-swiftUITests/Info.plist";
				LD_RUNPATH_SEARCH_PATHS = "$(inherited) @executable_path/Frameworks @loader_path/Frameworks";
				PRODUCT_BUNDLE_IDENTIFIER = "com.flatironschool.github-repo-starring-swiftUITests";
				PRODUCT_NAME = "$(TARGET_NAME)";
				TEST_TARGET_NAME = "github-repo-starring-swift";
			};
			name = Debug;
		};
		2B98D8D01D240CAA00905AE2 /* Release */ = {
			isa = XCBuildConfiguration;
			baseConfigurationReference = 6F2320D4B3E475CF730DE6E6 /* Pods-github-repo-starring-swiftUITests.release.xcconfig */;
			buildSettings = {
				INFOPLIST_FILE = "github-repo-starring-swiftUITests/Info.plist";
				LD_RUNPATH_SEARCH_PATHS = "$(inherited) @executable_path/Frameworks @loader_path/Frameworks";
				PRODUCT_BUNDLE_IDENTIFIER = "com.flatironschool.github-repo-starring-swiftUITests";
				PRODUCT_NAME = "$(TARGET_NAME)";
				TEST_TARGET_NAME = "github-repo-starring-swift";
			};
			name = Release;
		};
/* End XCBuildConfiguration section */

/* Begin XCConfigurationList section */
		2B98D89B1D240CA900905AE2 /* Build configuration list for PBXProject "github-repo-starring-swift" */ = {
			isa = XCConfigurationList;
			buildConfigurations = (
				2B98D8C61D240CAA00905AE2 /* Debug */,
				2B98D8C71D240CAA00905AE2 /* Release */,
			);
			defaultConfigurationIsVisible = 0;
			defaultConfigurationName = Release;
		};
		2B98D8C81D240CAA00905AE2 /* Build configuration list for PBXNativeTarget "github-repo-starring-swift" */ = {
			isa = XCConfigurationList;
			buildConfigurations = (
				2B98D8C91D240CAA00905AE2 /* Debug */,
				2B98D8CA1D240CAA00905AE2 /* Release */,
			);
			defaultConfigurationIsVisible = 0;
			defaultConfigurationName = Release;
		};
		2B98D8CB1D240CAA00905AE2 /* Build configuration list for PBXNativeTarget "github-repo-starring-swiftTests" */ = {
			isa = XCConfigurationList;
			buildConfigurations = (
				2B98D8CC1D240CAA00905AE2 /* Debug */,
				2B98D8CD1D240CAA00905AE2 /* Release */,
			);
			defaultConfigurationIsVisible = 0;
			defaultConfigurationName = Release;
		};
		2B98D8CE1D240CAA00905AE2 /* Build configuration list for PBXNativeTarget "github-repo-starring-swiftUITests" */ = {
			isa = XCConfigurationList;
			buildConfigurations = (
				2B98D8CF1D240CAA00905AE2 /* Debug */,
				2B98D8D01D240CAA00905AE2 /* Release */,
			);
			defaultConfigurationIsVisible = 0;
			defaultConfigurationName = Release;
		};
/* End XCConfigurationList section */
	};
	rootObject = 2B98D8981D240CA900905AE2 /* Project object */;
}
